
Microsoft Visual Studio Solution File, Format Version 12.00
# Visual Studio Version 16
VisualStudioVersion = 16.0.29215.179
MinimumVisualStudioVersion = 10.0.40219.1
Project("{8BC9CEB8-8B4A-11D0-8D11-00A0C91BC942}") = "WinApplication", "Projects\WinApplication\WinApplication.vcxproj", "{4CD3275B-9C01-404D-AAC9-061FC8E904E9}"
EndProject
Project("{8BC9CEB8-8B4A-11D0-8D11-00A0C91BC942}") = "MainProject", "Projects\DX12_Take_2\DX12_Take_2.vcxproj", "{1868A02D-3E92-4F45-8C5E-3DB973894195}"
	ProjectSection(ProjectDependencies) = postProject
		{4CD3275B-9C01-404D-AAC9-061FC8E904E9} = {4CD3275B-9C01-404D-AAC9-061FC8E904E9}
	EndProjectSection
EndProject
Project("{8BC9CEB8-8B4A-11D0-8D11-00A0C91BC942}") = "RendererDX12", "Projects\RendererDX12\RendererDX12.vcxproj", "{84180B38-63C3-4E6B-AF30-019A212ECED9}"
EndProject
Project("{8BC9CEB8-8B4A-11D0-8D11-00A0C91BC942}") = "EventManager", "Projects\EventManager\EventManager.vcxproj", "{D6E513B6-AA5D-4624-948E-77D52F334CD6}"
EndProject
Global
	GlobalSection(SolutionConfigurationPlatforms) = preSolution
		CLang|x64 = CLang|x64
		CLang|x86 = CLang|x86
		CLangD|x64 = CLangD|x64
		CLangD|x86 = CLangD|x86
		Debug|x64 = Debug|x64
		Debug|x86 = Debug|x86
		Release|x64 = Release|x64
		Release|x86 = Release|x86
	EndGlobalSection
	GlobalSection(ProjectConfigurationPlatforms) = postSolution
		{4CD3275B-9C01-404D-AAC9-061FC8E904E9}.CLang|x64.ActiveCfg = Release|x64
		{4CD3275B-9C01-404D-AAC9-061FC8E904E9}.CLang|x64.Build.0 = Release|x64
		{4CD3275B-9C01-404D-AAC9-061FC8E904E9}.CLang|x86.ActiveCfg = Release|Win32
		{4CD3275B-9C01-404D-AAC9-061FC8E904E9}.CLang|x86.Build.0 = Release|Win32
		{4CD3275B-9C01-404D-AAC9-061FC8E904E9}.CLangD|x64.ActiveCfg = Release|x64
		{4CD3275B-9C01-404D-AAC9-061FC8E904E9}.CLangD|x64.Build.0 = Release|x64
		{4CD3275B-9C01-404D-AAC9-061FC8E904E9}.CLangD|x86.ActiveCfg = Release|Win32
		{4CD3275B-9C01-404D-AAC9-061FC8E904E9}.CLangD|x86.Build.0 = Release|Win32
		{4CD3275B-9C01-404D-AAC9-061FC8E904E9}.Debug|x64.ActiveCfg = Debug|x64
		{4CD3275B-9C01-404D-AAC9-061FC8E904E9}.Debug|x64.Build.0 = Debug|x64
		{4CD3275B-9C01-404D-AAC9-061FC8E904E9}.Debug|x86.ActiveCfg = Debug|Win32
		{4CD3275B-9C01-404D-AAC9-061FC8E904E9}.Debug|x86.Build.0 = Debug|Win32
		{4CD3275B-9C01-404D-AAC9-061FC8E904E9}.Release|x64.ActiveCfg = Release|x64
		{4CD3275B-9C01-404D-AAC9-061FC8E904E9}.Release|x64.Build.0 = Release|x64
		{4CD3275B-9C01-404D-AAC9-061FC8E904E9}.Release|x86.ActiveCfg = Release|Win32
		{4CD3275B-9C01-404D-AAC9-061FC8E904E9}.Release|x86.Build.0 = Release|Win32
		{1868A02D-3E92-4F45-8C5E-3DB973894195}.CLang|x64.ActiveCfg = Release|x64
		{1868A02D-3E92-4F45-8C5E-3DB973894195}.CLang|x64.Build.0 = Release|x64
		{1868A02D-3E92-4F45-8C5E-3DB973894195}.CLang|x86.ActiveCfg = Release|Win32
		{1868A02D-3E92-4F45-8C5E-3DB973894195}.CLang|x86.Build.0 = Release|Win32
		{1868A02D-3E92-4F45-8C5E-3DB973894195}.CLangD|x64.ActiveCfg = Release|x64
		{1868A02D-3E92-4F45-8C5E-3DB973894195}.CLangD|x64.Build.0 = Release|x64
		{1868A02D-3E92-4F45-8C5E-3DB973894195}.CLangD|x86.ActiveCfg = Release|Win32
		{1868A02D-3E92-4F45-8C5E-3DB973894195}.CLangD|x86.Build.0 = Release|Win32
		{1868A02D-3E92-4F45-8C5E-3DB973894195}.Debug|x64.ActiveCfg = Debug|x64
		{1868A02D-3E92-4F45-8C5E-3DB973894195}.Debug|x64.Build.0 = Debug|x64
		{1868A02D-3E92-4F45-8C5E-3DB973894195}.Debug|x86.ActiveCfg = Debug|Win32
		{1868A02D-3E92-4F45-8C5E-3DB973894195}.Debug|x86.Build.0 = Debug|Win32
		{1868A02D-3E92-4F45-8C5E-3DB973894195}.Release|x64.ActiveCfg = Release|x64
		{1868A02D-3E92-4F45-8C5E-3DB973894195}.Release|x64.Build.0 = Release|x64
		{1868A02D-3E92-4F45-8C5E-3DB973894195}.Release|x86.ActiveCfg = Release|Win32
		{1868A02D-3E92-4F45-8C5E-3DB973894195}.Release|x86.Build.0 = Release|Win32
		{84180B38-63C3-4E6B-AF30-019A212ECED9}.CLang|x64.ActiveCfg = Release|x64
		{84180B38-63C3-4E6B-AF30-019A212ECED9}.CLang|x64.Build.0 = Release|x64
		{84180B38-63C3-4E6B-AF30-019A212ECED9}.CLang|x86.ActiveCfg = Release|Win32
		{84180B38-63C3-4E6B-AF30-019A212ECED9}.CLang|x86.Build.0 = Release|Win32
		{84180B38-63C3-4E6B-AF30-019A212ECED9}.CLangD|x64.ActiveCfg = Release|x64
		{84180B38-63C3-4E6B-AF30-019A212ECED9}.CLangD|x64.Build.0 = Release|x64
		{84180B38-63C3-4E6B-AF30-019A212ECED9}.CLangD|x86.ActiveCfg = Release|Win32
		{84180B38-63C3-4E6B-AF30-019A212ECED9}.CLangD|x86.Build.0 = Release|Win32
		{84180B38-63C3-4E6B-AF30-019A212ECED9}.Debug|x64.ActiveCfg = Debug|x64
		{84180B38-63C3-4E6B-AF30-019A212ECED9}.Debug|x64.Build.0 = Debug|x64
		{84180B38-63C3-4E6B-AF30-019A212ECED9}.Debug|x86.ActiveCfg = Debug|Win32
		{84180B38-63C3-4E6B-AF30-019A212ECED9}.Debug|x86.Build.0 = Debug|Win32
		{84180B38-63C3-4E6B-AF30-019A212ECED9}.Release|x64.ActiveCfg = Release|x64
		{84180B38-63C3-4E6B-AF30-019A212ECED9}.Release|x64.Build.0 = Release|x64
		{84180B38-63C3-4E6B-AF30-019A212ECED9}.Release|x86.ActiveCfg = Release|Win32
		{84180B38-63C3-4E6B-AF30-019A212ECED9}.Release|x86.Build.0 = Release|Win32
		{D6E513B6-AA5D-4624-948E-77D52F334CD6}.CLang|x64.ActiveCfg = Release|x64
		{D6E513B6-AA5D-4624-948E-77D52F334CD6}.CLang|x64.Build.0 = Release|x64
		{D6E513B6-AA5D-4624-948E-77D52F334CD6}.CLang|x86.ActiveCfg = Release|Win32
		{D6E513B6-AA5D-4624-948E-77D52F334CD6}.CLang|x86.Build.0 = Release|Win32
		{D6E513B6-AA5D-4624-948E-77D52F334CD6}.CLangD|x64.ActiveCfg = Release|x64
		{D6E513B6-AA5D-4624-948E-77D52F334CD6}.CLangD|x64.Build.0 = Release|x64
		{D6E513B6-AA5D-4624-948E-77D52F334CD6}.CLangD|x86.ActiveCfg = Release|Win32
		{D6E513B6-AA5D-4624-948E-77D52F334CD6}.CLangD|x86.Build.0 = Release|Win32
		{D6E513B6-AA5D-4624-948E-77D52F334CD6}.Debug|x64.ActiveCfg = Debug|x64
		{D6E513B6-AA5D-4624-948E-77D52F334CD6}.Debug|x64.Build.0 = Debug|x64
		{D6E513B6-AA5D-4624-948E-77D52F334CD6}.Debug|x86.ActiveCfg = Debug|Win32
		{D6E513B6-AA5D-4624-948E-77D52F334CD6}.Debug|x86.Build.0 = Debug|Win32
		{D6E513B6-AA5D-4624-948E-77D52F334CD6}.Release|x64.ActiveCfg = Release|x64
		{D6E513B6-AA5D-4624-948E-77D52F334CD6}.Release|x64.Build.0 = Release|x64
		{D6E513B6-AA5D-4624-948E-77D52F334CD6}.Release|x86.ActiveCfg = Release|Win32
		{D6E513B6-AA5D-4624-948E-77D52F334CD6}.Release|x86.Build.0 = Release|Win32
	EndGlobalSection
	GlobalSection(SolutionProperties) = preSolution
		HideSolutionNode = FALSE
	EndGlobalSection
	GlobalSection(ExtensibilityGlobals) = postSolution
		SolutionGuid = {094DD4FC-08FC-4C1A-8D4D-15D758987121}
	EndGlobalSection
EndGlobal
